format = 1
manifest_sha256 = "sha256:ec0a069c0d66dd4a1593290bb42fa85d96e6d3e4041a814111638c0be3b0a1d5"

[[entity]]
id = "docs"
git = "/home/dinozyavier/.local/share/ayeque-forge/entities/docs"
commit = "6dac93199113c57b67568b8414881596b2ef1cd1"
path = "."
tree = "3d9a7b7fe1f61f411e914d66c28a32a8c8b47e36"

[[entity]]
id = "tasks"
git = "/home/dinozyavier/.local/share/ayeque-forge/entities/tasks"
commit = "1877c38c43e28044156ad92367c185ed88f8a3af"
path = "."
tree = "30ed1119130d2bbacce75ae6341c87598c62614b"
